
Microsoft Visual Studio Solution File, Format Version 12.00
# Visual Studio Version 16
VisualStudioVersion = 16.0.31410.357
MinimumVisualStudioVersion = 10.0.40219.1
Project("{9A19103F-16F7-4668-BE54-9A1E7A4F7556}") = "umg_clinica_backend", "umg_clinica_backend.csproj", "{8BFA9A74-9106-41E0-94D7-9D4F3E826FC7}"
EndProject
Global
	GlobalSection(SolutionConfigurationPlatforms) = preSolution
		Debug|Any CPU = Debug|Any CPU
		Release|Any CPU = Release|Any CPU
	EndGlobalSection
	GlobalSection(ProjectConfigurationPlatforms) = postSolution
		{8BFA9A74-9106-41E0-94D7-9D4F3E826FC7}.Debug|Any CPU.ActiveCfg = Debug|Any CPU
		{8BFA9A74-9106-41E0-94D7-9D4F3E826FC7}.Debug|Any CPU.Build.0 = Debug|Any CPU
		{8BFA9A74-9106-41E0-94D7-9D4F3E826FC7}.Release|Any CPU.ActiveCfg = Release|Any CPU
		{8BFA9A74-9106-41E0-94D7-9D4F3E826FC7}.Release|Any CPU.Build.0 = Release|Any CPU
	EndGlobalSection
	GlobalSection(SolutionProperties) = preSolution
		HideSolutionNode = FALSE
	EndGlobalSection
	GlobalSection(ExtensibilityGlobals) = postSolution
		SolutionGuid = {7534073F-E00F-46DC-837A-5726163A29E0}
	EndGlobalSection
EndGlobal
